{
  "requires": true,
  "lockfileVersion": 1,
  "dependencies": {
    "bulma": {
      "version": "0.9.2",
      "resolved": "https://registry.npmjs.org/bulma/-/bulma-0.9.2.tgz",
      "integrity": "sha512-e14EF+3VSZ488yL/lJH0tR8mFWiEQVCMi/BQUMi2TGMBOk+zrDg4wryuwm/+dRSHJw0gMawp2tsW7X1JYUCE3A=="
    },
    "classnames": {
      "version": "2.3.1",
      "resolved": "https://registry.npmjs.org/classnames/-/classnames-2.3.1.tgz",
      "integrity": "sha512-OlQdbZ7gLfGarSqxesMesDa5uz7KFbID8Kpq/SxIoNGDqY8lSYs0D+hhtBXhcdB3rcbXArFr7vlHheLk1voeNA=="
    },
    "react-bulma-components": {
      "version": "4.0.0",
      "resolved": "https://registry.npmjs.org/react-bulma-components/-/react-bulma-components-4.0.0.tgz",
      "integrity": "sha512-KKeBEUrta7nG409mLCC1yK/3EbgYkH+tEFEah5qg+UkMDRwLIYNb5AJaNVIpAI0HlwplmA1KOQBqOHrW/shQ3w==",
      "requires": {
        "classnames": "2.3.1"
      }
    }
  }
}
